// !$*UTF8*$!
{
	archiveVersion = 1;
	classes = {
	};
	objectVersion = 50;
	objects = {

/* Begin PBXBuildFile section */
		3CED92C023F405A100624981 /* AppDelegate.swift in Sources */ = {isa = PBXBuildFile; fileRef = 3CED92BF23F405A100624981 /* AppDelegate.swift */; };
		3CED92C223F405A100624981 /* SceneDelegate.swift in Sources */ = {isa = PBXBuildFile; fileRef = 3CED92C123F405A100624981 /* SceneDelegate.swift */; };
		3CED92C423F405A100624981 /* ViewController.swift in Sources */ = {isa = PBXBuildFile; fileRef = 3CED92C323F405A100624981 /* ViewController.swift */; };
		3CED92C723F405A100624981 /* Main.storyboard in Resources */ = {isa = PBXBuildFile; fileRef = 3CED92C523F405A100624981 /* Main.storyboard */; };
		3CED92C923F405A600624981 /* Assets.xcassets in Resources */ = {isa = PBXBuildFile; fileRef = 3CED92C823F405A600624981 /* Assets.xcassets */; };
		3CED92CC23F405A600624981 /* LaunchScreen.storyboard in Resources */ = {isa = PBXBuildFile; fileRef = 3CED92CA23F405A600624981 /* LaunchScreen.storyboard */; };
		3CED92D723F405A600624981 /* DiffableDataSourceTableViewTests.swift in Sources */ = {isa = PBXBuildFile; fileRef = 3CED92D623F405A600624981 /* DiffableDataSourceTableViewTests.swift */; };
		3CED92E223F405A600624981 /* DiffableDataSourceTableViewUITests.swift in Sources */ = {isa = PBXBuildFile; fileRef = 3CED92E123F405A600624981 /* DiffableDataSourceTableViewUITests.swift */; };
/* End PBXBuildFile section */

/* Begin PBXContainerItemProxy section */
		3CED92D323F405A600624981 /* PBXContainerItemProxy */ = {
			isa = PBXContainerItemProxy;
			containerPortal = 3CED92B423F405A100624981 /* Project object */;
			proxyType = 1;
			remoteGlobalIDString = 3CED92BB23F405A100624981;
			remoteInfo = DiffableDataSourceTableView;
		};
		3CED92DE23F405A600624981 /* PBXContainerItemProxy */ = {
			isa = PBXContainerItemProxy;
			containerPortal = 3CED92B423F405A100624981 /* Project object */;
			proxyType = 1;
			remoteGlobalIDString = 3CED92BB23F405A100624981;
			remoteInfo = DiffableDataSourceTableView;
		};
/* End PBXContainerItemProxy section */

/* Begin PBXFileReference section */
		3CED92BC23F405A100624981 /* DiffableDataSourceTableView.app */ = {isa = PBXFileReference; explicitFileType = wrapper.application; includeInIndex = 0; path = DiffableDataSourceTableView.app; sourceTree = BUILT_PRODUCTS_DIR; };
		3CED92BF23F405A100624981 /* AppDelegate.swift */ = {isa = PBXFileReference; lastKnownFileType = sourcecode.swift; path = AppDelegate.swift; sourceTree = "<group>"; };
		3CED92C123F405A100624981 /* SceneDelegate.swift */ = {isa = PBXFileReference; lastKnownFileType = sourcecode.swift; path = SceneDelegate.swift; sourceTree = "<group>"; };
		3CED92C323F405A100624981 /* ViewController.swift */ = {isa = PBXFileReference; lastKnownFileType = sourcecode.swift; path = ViewController.swift; sourceTree = "<group>"; };
		3CED92C623F405A100624981 /* Base */ = {isa = PBXFileReference; lastKnownFileType = file.storyboard; name = Base; path = Base.lproj/Main.storyboard; sourceTree = "<group>"; };
		3CED92C823F405A600624981 /* Assets.xcassets */ = {isa = PBXFileReference; lastKnownFileType = folder.assetcatalog; path = Assets.xcassets; sourceTree = "<group>"; };
		3CED92CB23F405A600624981 /* Base */ = {isa = PBXFileReference; lastKnownFileType = file.storyboard; name = Base; path = Base.lproj/LaunchScreen.storyboard; sourceTree = "<group>"; };
		3CED92CD23F405A600624981 /* Info.plist */ = {isa = PBXFileReference; lastKnownFileType = text.plist.xml; path = Info.plist; sourceTree = "<group>"; };
		3CED92D223F405A600624981 /* DiffableDataSourceTableViewTests.xctest */ = {isa = PBXFileReference; explicitFileType = wrapper.cfbundle; includeInIndex = 0; path = DiffableDataSourceTableViewTests.xctest; sourceTree = BUILT_PRODUCTS_DIR; };
		3CED92D623F405A600624981 /* DiffableDataSourceTableViewTests.swift */ = {isa = PBXFileReference; lastKnownFileType = sourcecode.swift; path = DiffableDataSourceTableViewTests.swift; sourceTree = "<group>"; };
		3CED92D823F405A600624981 /* Info.plist */ = {isa = PBXFileReference; lastKnownFileType = text.plist.xml; path = Info.plist; sourceTree = "<group>"; };
		3CED92DD23F405A600624981 /* DiffableDataSourceTableViewUITests.xctest */ = {isa = PBXFileReference; explicitFileType = wrapper.cfbundle; includeInIndex = 0; path = DiffableDataSourceTableViewUITests.xctest; sourceTree = BUILT_PRODUCTS_DIR; };
		3CED92E123F405A600624981 /* DiffableDataSourceTableViewUITests.swift */ = {isa = PBXFileReference; lastKnownFileType = sourcecode.swift; path = DiffableDataSourceTableViewUITests.swift; sourceTree = "<group>"; };
		3CED92E323F405A600624981 /* Info.plist */ = {isa = PBXFileReference; lastKnownFileType = text.plist.xml; path = Info.plist; sourceTree = "<group>"; };
/* End PBXFileReference section */

/* Begin PBXFrameworksBuildPhase section */
		3CED92B923F405A100624981 /* Frameworks */ = {
			isa = PBXFrameworksBuildPhase;
			buildActionMask = 2147483647;
			files = (
			);
			runOnlyForDeploymentPostprocessing = 0;
		};
		3CED92CF23F405A600624981 /* Frameworks */ = {
			isa = PBXFrameworksBuildPhase;
			buildActionMask = 2147483647;
			files = (
			);
			runOnlyForDeploymentPostprocessing = 0;
		};
		3CED92DA23F405A600624981 /* Frameworks */ = {
			isa = PBXFrameworksBuildPhase;
			buildActionMask = 2147483647;
			files = (
			);
			runOnlyForDeploymentPostprocessing = 0;
		};
/* End PBXFrameworksBuildPhase section */

/* Begin PBXGroup section */
		3CED92B323F405A100624981 = {
			isa = PBXGroup;
			children = (
				3CED92BE23F405A100624981 /* DiffableDataSourceTableView */,
				3CED92D523F405A600624981 /* DiffableDataSourceTableViewTests */,
				3CED92E023F405A600624981 /* DiffableDataSourceTableViewUITests */,
				3CED92BD23F405A100624981 /* Products */,
			);
			sourceTree = "<group>";
		};
		3CED92BD23F405A100624981 /* Products */ = {
			isa = PBXGroup;
			children = (
				3CED92BC23F405A100624981 /* DiffableDataSourceTableView.app */,
				3CED92D223F405A600624981 /* DiffableDataSourceTableViewTests.xctest */,
				3CED92DD23F405A600624981 /* DiffableDataSourceTableViewUITests.xctest */,
			);
			name = Products;
			sourceTree = "<group>";
		};
		3CED92BE23F405A100624981 /* DiffableDataSourceTableView */ = {
			isa = PBXGroup;
			children = (
				3CED92BF23F405A100624981 /* AppDelegate.swift */,
				3CED92C123F405A100624981 /* SceneDelegate.swift */,
				3CED92C323F405A100624981 /* ViewController.swift */,
				3CED92C523F405A100624981 /* Main.storyboard */,
				3CED92C823F405A600624981 /* Assets.xcassets */,
				3CED92CA23F405A600624981 /* LaunchScreen.storyboard */,
				3CED92CD23F405A600624981 /* Info.plist */,
			);
			path = DiffableDataSourceTableView;
			sourceTree = "<group>";
		};
		3CED92D523F405A600624981 /* DiffableDataSourceTableViewTests */ = {
			isa = PBXGroup;
			children = (
				3CED92D623F405A600624981 /* DiffableDataSourceTableViewTests.swift */,
				3CED92D823F405A600624981 /* Info.plist */,
			);
			path = DiffableDataSourceTableViewTests;
			sourceTree = "<group>";
		};
		3CED92E023F405A600624981 /* DiffableDataSourceTableViewUITests */ = {
			isa = PBXGroup;
			children = (
				3CED92E123F405A600624981 /* DiffableDataSourceTableViewUITests.swift */,
				3CED92E323F405A600624981 /* Info.plist */,
			);
			path = DiffableDataSourceTableViewUITests;
			sourceTree = "<group>";
		};
/* End PBXGroup section */

/* Begin PBXNativeTarget section */
		3CED92BB23F405A100624981 /* DiffableDataSourceTableView */ = {
			isa = PBXNativeTarget;
			buildConfigurationList = 3CED92E623F405A600624981 /* Build configuration list for PBXNativeTarget "DiffableDataSourceTableView" */;
			buildPhases = (
				3CED92B823F405A100624981 /* Sources */,
				3CED92B923F405A100624981 /* Frameworks */,
				3CED92BA23F405A100624981 /* Resources */,
			);
			buildRules = (
			);
			dependencies = (
			);
			name = DiffableDataSourceTableView;
			productName = DiffableDataSourceTableView;
			productReference = 3CED92BC23F405A100624981 /* DiffableDataSourceTableView.app */;
			productType = "com.apple.product-type.application";
		};
		3CED92D123F405A600624981 /* DiffableDataSourceTableViewTests */ = {
			isa = PBXNativeTarget;
			buildConfigurationList = 3CED92E923F405A600624981 /* Build configuration list for PBXNativeTarget "DiffableDataSourceTableViewTests" */;
			buildPhases = (
				3CED92CE23F405A600624981 /* Sources */,
				3CED92CF23F405A600624981 /* Frameworks */,
				3CED92D023F405A600624981 /* Resources */,
			);
			buildRules = (
			);
			dependencies = (
				3CED92D423F405A600624981 /* PBXTargetDependency */,
			);
			name = DiffableDataSourceTableViewTests;
			productName = DiffableDataSourceTableViewTests;
			productReference = 3CED92D223F405A600624981 /* DiffableDataSourceTableViewTests.xctest */;
			productType = "com.apple.product-type.bundle.unit-test";
		};
		3CED92DC23F405A600624981 /* DiffableDataSourceTableViewUITests */ = {
			isa = PBXNativeTarget;
			buildConfigurationList = 3CED92EC23F405A600624981 /* Build configuration list for PBXNativeTarget "DiffableDataSourceTableViewUITests" */;
			buildPhases = (
				3CED92D923F405A600624981 /* Sources */,
				3CED92DA23F405A600624981 /* Frameworks */,
				3CED92DB23F405A600624981 /* Resources */,
			);
			buildRules = (
			);
			dependencies = (
				3CED92DF23F405A600624981 /* PBXTargetDependency */,
			);
			name = DiffableDataSourceTableViewUITests;
			productName = DiffableDataSourceTableViewUITests;
			productReference = 3CED92DD23F405A600624981 /* DiffableDataSourceTableViewUITests.xctest */;
			productType = "com.apple.product-type.bundle.ui-testing";
		};
/* End PBXNativeTarget section */

/* Begin PBXProject section */
		3CED92B423F405A100624981 /* Project object */ = {
			isa = PBXProject;
			attributes = {
				LastSwiftUpdateCheck = 1130;
				LastUpgradeCheck = 1130;
				ORGANIZATIONNAME = "Suresh Shiga";
				TargetAttributes = {
					3CED92BB23F405A100624981 = {
						CreatedOnToolsVersion = 11.3.1;
					};
					3CED92D123F405A600624981 = {
						CreatedOnToolsVersion = 11.3.1;
						TestTargetID = 3CED92BB23F405A100624981;
					};
					3CED92DC23F405A600624981 = {
						CreatedOnToolsVersion = 11.3.1;
						TestTargetID = 3CED92BB23F405A100624981;
					};
				};
			};
			buildConfigurationList = 3CED92B723F405A100624981 /* Build configuration list for PBXProject "DiffableDataSourceTableView" */;
			compatibilityVersion = "Xcode 9.3";
			developmentRegion = en;
			hasScannedForEncodings = 0;
			knownRegions = (
				en,
				Base,
			);
			mainGroup = 3CED92B323F405A100624981;
			productRefGroup = 3CED92BD23F405A100624981 /* Products */;
			projectDirPath = "";
			projectRoot = "";
			targets = (
				3CED92BB23F405A100624981 /* DiffableDataSourceTableView */,
				3CED92D123F405A600624981 /* DiffableDataSourceTableViewTests */,
				3CED92DC23F405A600624981 /* DiffableDataSourceTableViewUITests */,
			);
		};
/* End PBXProject section */

/* Begin PBXResourcesBuildPhase section */
		3CED92BA23F405A100624981 /* Resources */ = {
			isa = PBXResourcesBuildPhase;
			buildActionMask = 2147483647;
			files = (
				3CED92CC23F405A600624981 /* LaunchScreen.storyboard in Resources */,
				3CED92C923F405A600624981 /* Assets.xcassets in Resources */,
				3CED92C723F405A100624981 /* Main.storyboard in Resources */,
			);
			runOnlyForDeploymentPostprocessing = 0;
		};
		3CED92D023F405A600624981 /* Resources */ = {
			isa = PBXResourcesBuildPhase;
			buildActionMask = 2147483647;
			files = (
			);
			runOnlyForDeploymentPostprocessing = 0;
		};
		3CED92DB23F405A600624981 /* Resources */ = {
			isa = PBXResourcesBuildPhase;
			buildActionMask = 2147483647;
			files = (
			);
			runOnlyForDeploymentPostprocessing = 0;
		};
/* End PBXResourcesBuildPhase section */

/* Begin PBXSourcesBuildPhase section */
		3CED92B823F405A100624981 /* Sources */ = {
			isa = PBXSourcesBuildPhase;
			buildActionMask = 2147483647;
			files = (
				3CED92C423F405A100624981 /* ViewController.swift in Sources */,
				3CED92C023F405A100624981 /* AppDelegate.swift in Sources */,
				3CED92C223F405A100624981 /* SceneDelegate.swift in Sources */,
			);
			runOnlyForDeploymentPostprocessing = 0;
		};
		3CED92CE23F405A600624981 /* Sources */ = {
			isa = PBXSourcesBuildPhase;
			buildActionMask = 2147483647;
			files = (
				3CED92D723F405A600624981 /* DiffableDataSourceTableViewTests.swift in Sources */,
			);
			runOnlyForDeploymentPostprocessing = 0;
		};
		3CED92D923F405A600624981 /* Sources */ = {
			isa = PBXSourcesBuildPhase;
			buildActionMask = 2147483647;
			files = (
				3CED92E223F405A600624981 /* DiffableDataSourceTableViewUITests.swift in Sources */,
			);
			runOnlyForDeploymentPostprocessing = 0;
		};
/* End PBXSourcesBuildPhase section */

/* Begin PBXTargetDependency section */
		3CED92D423F405A600624981 /* PBXTargetDependency */ = {
			isa = PBXTargetDependency;
			target = 3CED92BB23F405A100624981 /* DiffableDataSourceTableView */;
			targetProxy = 3CED92D323F405A600624981 /* PBXContainerItemProxy */;
		};
		3CED92DF23F405A600624981 /* PBXTargetDependency */ = {
			isa = PBXTargetDependency;
			target = 3CED92BB23F405A100624981 /* DiffableDataSourceTableView */;
			targetProxy = 3CED92DE23F405A600624981 /* PBXContainerItemProxy */;
		};
/* End PBXTargetDependency section */

/* Begin PBXVariantGroup section */
		3CED92C523F405A100624981 /* Main.storyboard */ = {
			isa = PBXVariantGroup;
			children = (
				3CED92C623F405A100624981 /* Base */,
			);
			name = Main.storyboard;
			sourceTree = "<group>";
		};
		3CED92CA23F405A600624981 /* LaunchScreen.storyboard */ = {
			isa = PBXVariantGroup;
			children = (
				3CED92CB23F405A600624981 /* Base */,
			);
			name = LaunchScreen.storyboard;
			sourceTree = "<group>";
		};
/* End PBXVariantGroup section */

/* Begin XCBuildConfiguration section */
		3CED92E423F405A600624981 /* Debug */ = {
			isa = XCBuildConfiguration;
			buildSettings = {
				ALWAYS_SEARCH_USER_PATHS = NO;
				CLANG_ANALYZER_NONNULL = YES;
				CLANG_ANALYZER_NUMBER_OBJECT_CONVERSION = YES_AGGRESSIVE;
				CLANG_CXX_LANGUAGE_STANDARD = "gnu++14";
				CLANG_CXX_LIBRARY = "libc++";
				CLANG_ENABLE_MODULES = YES;
				CLANG_ENABLE_OBJC_ARC = YES;
				CLANG_ENABLE_OBJC_WEAK = YES;
				CLANG_WARN_BLOCK_CAPTURE_AUTORELEASING = YES;
				CLANG_WARN_BOOL_CONVERSION = YES;
				CLANG_WARN_COMMA = YES;
				CLANG_WARN_CONSTANT_CONVERSION = YES;
				CLANG_WARN_DEPRECATED_OBJC_IMPLEMENTATIONS = YES;
				CLANG_WARN_DIRECT_OBJC_ISA_USAGE = YES_ERROR;
				CLANG_WARN_DOCUMENTATION_COMMENTS = YES;
				CLANG_WARN_EMPTY_BODY = YES;
				CLANG_WARN_ENUM_CONVERSION = YES;
				CLANG_WARN_INFINITE_RECURSION = YES;
				CLANG_WARN_INT_CONVERSION = YES;
				CLANG_WARN_NON_LITERAL_NULL_CONVERSION = YES;
				CLANG_WARN_OBJC_IMPLICIT_RETAIN_SELF = YES;
				CLANG_WARN_OBJC_LITERAL_CONVERSION = YES;
				CLANG_WARN_OBJC_ROOT_CLASS = YES_ERROR;
				CLANG_WARN_RANGE_LOOP_ANALYSIS = YES;
				CLANG_WARN_STRICT_PROTOTYPES = YES;
				CLANG_WARN_SUSPICIOUS_MOVE = YES;
				CLANG_WARN_UNGUARDED_AVAILABILITY = YES_AGGRESSIVE;
				CLANG_WARN_UNREACHABLE_CODE = YES;
				CLANG_WARN__DUPLICATE_METHOD_MATCH = YES;
				COPY_PHASE_STRIP = NO;
				DEBUG_INFORMATION_FORMAT = dwarf;
				ENABLE_STRICT_OBJC_MSGSEND = YES;
				ENABLE_TESTABILITY = YES;
				GCC_C_LANGUAGE_STANDARD = gnu11;
				GCC_DYNAMIC_NO_PIC = NO;
				GCC_NO_COMMON_BLOCKS = YES;
				GCC_OPTIMIZATION_LEVEL = 0;
				GCC_PREPROCESSOR_DEFINITIONS = (
					"DEBUG=1",
					"$(inherited)",
				);
				GCC_WARN_64_TO_32_BIT_CONVERSION = YES;
				GCC_WARN_ABOUT_RETURN_TYPE = YES_ERROR;
				GCC_WARN_UNDECLARED_SELECTOR = YES;
				GCC_WARN_UNINITIALIZED_AUTOS = YES_AGGRESSIVE;
				GCC_WARN_UNUSED_FUNCTION = YES;
				GCC_WARN_UNUSED_VARIABLE = YES;
				IPHONEOS_DEPLOYMENT_TARGET = 13.2;
				MTL_ENABLE_DEBUG_INFO = INCLUDE_SOURCE;
				MTL_FAST_MATH = YES;
				ONLY_ACTIVE_ARCH = YES;
				SDKROOT = iphoneos;
				SWIFT_ACTIVE_COMPILATION_CONDITIONS = DEBUG;
				SWIFT_OPTIMIZATION_LEVEL = "-Onone";
			};
			name = Debug;
		};
		3CED92E523F405A600624981 /* Release */ = {
			isa = XCBuildConfiguration;
			buildSettings = {
				ALWAYS_SEARCH_USER_PATHS = NO;
				CLANG_ANALYZER_NONNULL = YES;
				CLANG_ANALYZER_NUMBER_OBJECT_CONVERSION = YES_AGGRESSIVE;
				CLANG_CXX_LANGUAGE_STANDARD = "gnu++14";
				CLANG_CXX_LIBRARY = "libc++";
				CLANG_ENABLE_MODULES = YES;
				CLANG_ENABLE_OBJC_ARC = YES;
				CLANG_ENABLE_OBJC_WEAK = YES;
				CLANG_WARN_BLOCK_CAPTURE_AUTORELEASING = YES;
				CLANG_WARN_BOOL_CONVERSION = YES;
				CLANG_WARN_COMMA = YES;
				CLANG_WARN_CONSTANT_CONVERSION = YES;
				CLANG_WARN_DEPRECATED_OBJC_IMPLEMENTATIONS = YES;
				CLANG_WARN_DIRECT_OBJC_ISA_USAGE = YES_ERROR;
				CLANG_WARN_DOCUMENTATION_COMMENTS = YES;
				CLANG_WARN_EMPTY_BODY = YES;
				CLANG_WARN_ENUM_CONVERSION = YES;
				CLANG_WARN_INFINITE_RECURSION = YES;
				CLANG_WARN_INT_CONVERSION = YES;
				CLANG_WARN_NON_LITERAL_NULL_CONVERSION = YES;
				CLANG_WARN_OBJC_IMPLICIT_RETAIN_SELF = YES;
				CLANG_WARN_OBJC_LITERAL_CONVERSION = YES;
				CLANG_WARN_OBJC_ROOT_CLASS = YES_ERROR;
				CLANG_WARN_RANGE_LOOP_ANALYSIS = YES;
				CLANG_WARN_STRICT_PROTOTYPES = YES;
				CLANG_WARN_SUSPICIOUS_MOVE = YES;
				CLANG_WARN_UNGUARDED_AVAILABILITY = YES_AGGRESSIVE;
				CLANG_WARN_UNREACHABLE_CODE = YES;
				CLANG_WARN__DUPLICATE_METHOD_MATCH = YES;
				COPY_PHASE_STRIP = NO;
				DEBUG_INFORMATION_FORMAT = "dwarf-with-dsym";
				ENABLE_NS_ASSERTIONS = NO;
				ENABLE_STRICT_OBJC_MSGSEND = YES;
				GCC_C_LANGUAGE_STANDARD = gnu11;
				GCC_NO_COMMON_BLOCKS = YES;
				GCC_WARN_64_TO_32_BIT_CONVERSION = YES;
				GCC_WARN_ABOUT_RETURN_TYPE = YES_ERROR;
				GCC_WARN_UNDECLARED_SELECTOR = YES;
				GCC_WARN_UNINITIALIZED_AUTOS = YES_AGGRESSIVE;
				GCC_WARN_UNUSED_FUNCTION = YES;
				GCC_WARN_UNUSED_VARIABLE = YES;
				IPHONEOS_DEPLOYMENT_TARGET = 13.2;
				MTL_ENABLE_DEBUG_INFO = NO;
				MTL_FAST_MATH = YES;
				SDKROOT = iphoneos;
				SWIFT_COMPILATION_MODE = wholemodule;
				SWIFT_OPTIMIZATION_LEVEL = "-O";
				VALIDATE_PRODUCT = YES;
			};
			name = Release;
		};
		3CED92E723F405A600624981 /* Debug */ = {
			isa = XCBuildConfiguration;
			buildSettings = {
				ASSETCATALOG_COMPILER_APPICON_NAME = AppIcon;
				CODE_SIGN_STYLE = Automatic;
				INFOPLIST_FILE = DiffableDataSourceTableView/Info.plist;
				LD_RUNPATH_SEARCH_PATHS = (
					"$(inherited)",
					"@executable_path/Frameworks",
				);
				PRODUCT_BUNDLE_IDENTIFIER = com.DiffableDataSourceTableView;
				PRODUCT_NAME = "$(TARGET_NAME)";
				SWIFT_VERSION = 5.0;
				TARGETED_DEVICE_FAMILY = "1,2";
			};
			name = Debug;
		};
		3CED92E823F405A600624981 /* Release */ = {
			isa = XCBuildConfiguration;
			buildSettings = {
				ASSETCATALOG_COMPILER_APPICON_NAME = AppIcon;
				CODE_SIGN_STYLE = Automatic;
				INFOPLIST_FILE = DiffableDataSourceTableView/Info.plist;
				LD_RUNPATH_SEARCH_PATHS = (
					"$(inherited)",
					"@executable_path/Frameworks",
				);
				PRODUCT_BUNDLE_IDENTIFIER = com.DiffableDataSourceTableView;
				PRODUCT_NAME = "$(TARGET_NAME)";
				SWIFT_VERSION = 5.0;
				TARGETED_DEVICE_FAMILY = "1,2";
			};
			name = Release;
		};
		3CED92EA23F405A600624981 /* Debug */ = {
			isa = XCBuildConfiguration;
			buildSettings = {
				ALWAYS_EMBED_SWIFT_STANDARD_LIBRARIES = YES;
				BUNDLE_LOADER = "$(TEST_HOST)";
				CODE_SIGN_STYLE = Automatic;
				INFOPLIST_FILE = DiffableDataSourceTableViewTests/Info.plist;
				IPHONEOS_DEPLOYMENT_TARGET = 13.2;
				LD_RUNPATH_SEARCH_PATHS = (
					"$(inherited)",
					"@executable_path/Frameworks",
					"@loader_path/Frameworks",
				);
				PRODUCT_BUNDLE_IDENTIFIER = com.DiffableDataSourceTableViewTests;
				PRODUCT_NAME = "$(TARGET_NAME)";
				SWIFT_VERSION = 5.0;
				TARGETED_DEVICE_FAMILY = "1,2";
				TEST_HOST = "$(BUILT_PRODUCTS_DIR)/DiffableDataSourceTableView.app/DiffableDataSourceTableView";
			};
			name = Debug;
		};
		3CED92EB23F405A600624981 /* Release */ = {
			isa = XCBuildConfiguration;
			buildSettings = {
				ALWAYS_EMBED_SWIFT_STANDARD_LIBRARIES = YES;
				BUNDLE_LOADER = "$(TEST_HOST)";
				CODE_SIGN_STYLE = Automatic;
				INFOPLIST_FILE = DiffableDataSourceTableViewTests/Info.plist;
				IPHONEOS_DEPLOYMENT_TARGET = 13.2;
				LD_RUNPATH_SEARCH_PATHS = (
					"$(inherited)",
					"@executable_path/Frameworks",
					"@loader_path/Frameworks",
				);
				PRODUCT_BUNDLE_IDENTIFIER = com.DiffableDataSourceTableViewTests;
				PRODUCT_NAME = "$(TARGET_NAME)";
				SWIFT_VERSION = 5.0;
				TARGETED_DEVICE_FAMILY = "1,2";
				TEST_HOST = "$(BUILT_PRODUCTS_DIR)/DiffableDataSourceTableView.app/DiffableDataSourceTableView";
			};
			name = Release;
		};
		3CED92ED23F405A600624981 /* Debug */ = {
			isa = XCBuildConfiguration;
			buildSettings = {
				ALWAYS_EMBED_SWIFT_STANDARD_LIBRARIES = YES;
				CODE_SIGN_STYLE = Automatic;
				INFOPLIST_FILE = DiffableDataSourceTableViewUITests/Info.plist;
				LD_RUNPATH_SEARCH_PATHS = (
					"$(inherited)",
					"@executable_path/Frameworks",
					"@loader_path/Frameworks",
				);
				PRODUCT_BUNDLE_IDENTIFIER = com.DiffableDataSourceTableViewUITests;
				PRODUCT_NAME = "$(TARGET_NAME)";
				SWIFT_VERSION = 5.0;
				TARGETED_DEVICE_FAMILY = "1,2";
				TEST_TARGET_NAME = DiffableDataSourceTableView;
			};
			name = Debug;
		};
		3CED92EE23F405A600624981 /* Release */ = {
			isa = XCBuildConfiguration;
			buildSettings = {
				ALWAYS_EMBED_SWIFT_STANDARD_LIBRARIES = YES;
				CODE_SIGN_STYLE = Automatic;
				INFOPLIST_FILE = DiffableDataSourceTableViewUITests/Info.plist;
				LD_RUNPATH_SEARCH_PATHS = (
					"$(inherited)",
					"@executable_path/Frameworks",
					"@loader_path/Frameworks",
				);
				PRODUCT_BUNDLE_IDENTIFIER = com.DiffableDataSourceTableViewUITests;
				PRODUCT_NAME = "$(TARGET_NAME)";
				SWIFT_VERSION = 5.0;
				TARGETED_DEVICE_FAMILY = "1,2";
				TEST_TARGET_NAME = DiffableDataSourceTableView;
			};
			name = Release;
		};
/* End XCBuildConfiguration section */

/* Begin XCConfigurationList section */
		3CED92B723F405A100624981 /* Build configuration list for PBXProject "DiffableDataSourceTableView" */ = {
			isa = XCConfigurationList;
			buildConfigurations = (
				3CED92E423F405A600624981 /* Debug */,
				3CED92E523F405A600624981 /* Release */,
			);
			defaultConfigurationIsVisible = 0;
			defaultConfigurationName = Release;
		};
		3CED92E623F405A600624981 /* Build configuration list for PBXNativeTarget "DiffableDataSourceTableView" */ = {
			isa = XCConfigurationList;
			buildConfigurations = (
				3CED92E723F405A600624981 /* Debug */,
				3CED92E823F405A600624981 /* Release */,
			);
			defaultConfigurationIsVisible = 0;
			defaultConfigurationName = Release;
		};
		3CED92E923F405A600624981 /* Build configuration list for PBXNativeTarget "DiffableDataSourceTableViewTests" */ = {
			isa = XCConfigurationList;
			buildConfigurations = (
				3CED92EA23F405A600624981 /* Debug */,
				3CED92EB23F405A600624981 /* Release */,
			);
			defaultConfigurationIsVisible = 0;
			defaultConfigurationName = Release;
		};
		3CED92EC23F405A600624981 /* Build configuration list for PBXNativeTarget "DiffableDataSourceTableViewUITests" */ = {
			isa = XCConfigurationList;
			buildConfigurations = (
				3CED92ED23F405A600624981 /* Debug */,
				3CED92EE23F405A600624981 /* Release */,
			);
			defaultConfigurationIsVisible = 0;
			defaultConfigurationName = Release;
		};
/* End XCConfigurationList section */
	};
	rootObject = 3CED92B423F405A100624981 /* Project object */;
}
